PODS:
  - Nimble (4.0.1)
  - Quick (0.9.2)

DEPENDENCIES:
  - Nimble (from `git@github.com:Quick/Nimble.git`, branch `xcode-8`)
  - Quick (from `git@github.com:sharplet/Quick.git`, branch `xcode-8`)

EXTERNAL SOURCES:
  Nimble:
    :branch: xcode-8
    :git: git@github.com:Quick/Nimble.git
  Quick:
    :branch: xcode-8
    :git: git@github.com:sharplet/Quick.git

CHECKOUT OPTIONS:
  Nimble:
    :commit: 38a99102e2c7d0b9d5568875f59a49593df8c595
    :git: git@github.com:Quick/Nimble.git
  Quick:
    :commit: 194e6540a95216c20453756abac61565ba2bc602
    :git: git@github.com:sharplet/Quick.git

SPEC CHECKSUMS:
  Nimble: 0f3c8b8b084cda391209c3c5efbb48bedeeb920a
  Quick: d61ff037eeb0b01bf53094a6b0c9184111c9e904

PODFILE CHECKSUM: 092ddc4ea15c2f207539ebc588793db304610858

COCOAPODS: 1.0.1
